
Microsoft Visual Studio Solution File, Format Version 12.00
# Visual Studio Version 16
VisualStudioVersion = 16.0.31729.503
MinimumVisualStudioVersion = 10.0.40219.1
Project("{9A19103F-16F7-4668-BE54-9A1E7A4F7556}") = "Supermarket", "Supermarket\Supermarket.csproj", "{8CB5957C-6A09-4D5C-A41E-7575DC46F294}"
EndProject
Project("{FAE04EC0-301F-11D3-BF4B-00C04F79EFBC}") = "SupermarketTests", "SupermarketTests\SupermarketTests.csproj", "{9B524FD1-6915-4D02-9837-3FB3B787BF4E}"
EndProject
Global
	GlobalSection(SolutionConfigurationPlatforms) = preSolution
		Debug|Any CPU = Debug|Any CPU
		Release|Any CPU = Release|Any CPU
	EndGlobalSection
	GlobalSection(ProjectConfigurationPlatforms) = postSolution
		{8CB5957C-6A09-4D5C-A41E-7575DC46F294}.Debug|Any CPU.ActiveCfg = Debug|Any CPU
		{8CB5957C-6A09-4D5C-A41E-7575DC46F294}.Debug|Any CPU.Build.0 = Debug|Any CPU
		{8CB5957C-6A09-4D5C-A41E-7575DC46F294}.Release|Any CPU.ActiveCfg = Release|Any CPU
		{8CB5957C-6A09-4D5C-A41E-7575DC46F294}.Release|Any CPU.Build.0 = Release|Any CPU
		{9B524FD1-6915-4D02-9837-3FB3B787BF4E}.Debug|Any CPU.ActiveCfg = Debug|Any CPU
		{9B524FD1-6915-4D02-9837-3FB3B787BF4E}.Debug|Any CPU.Build.0 = Debug|Any CPU
		{9B524FD1-6915-4D02-9837-3FB3B787BF4E}.Release|Any CPU.ActiveCfg = Release|Any CPU
		{9B524FD1-6915-4D02-9837-3FB3B787BF4E}.Release|Any CPU.Build.0 = Release|Any CPU
	EndGlobalSection
	GlobalSection(SolutionProperties) = preSolution
		HideSolutionNode = FALSE
	EndGlobalSection
	GlobalSection(ExtensibilityGlobals) = postSolution
		SolutionGuid = {1CAD347A-A345-4C5C-9DA6-D59F7153656F}
	EndGlobalSection
EndGlobal
